{
  "name": "vue-class-store-demos",
  "requires": true,
  "lockfileVersion": 1,
  "dependencies": {
    "vuex": {
      "version": "3.4.0",
      "resolved": "https://registry.npmjs.org/vuex/-/vuex-3.4.0.tgz",
      "integrity": "sha512-ajtqwEW/QhnrBZQsZxCLHThZZaa+Db45c92Asf46ZDXu6uHXgbfVuBaJ4gzD2r4UX0oMJHstFwd2r2HM4l8umg=="
    }
  }
}
